
Microsoft Visual Studio Solution File, Format Version 12.00
# Visual Studio 15
VisualStudioVersion = 15.0.26430.16
MinimumVisualStudioVersion = 10.0.40219.1
Project("{FAE04EC0-301F-11D3-BF4B-00C04F79EFBC}") = "Bem.Ef.Data", "Bem.Ef.Data\Bem.Ef.Data.csproj", "{939CBEFE-FF3B-4747-B3D6-789631E0D321}"
EndProject
Project("{FAE04EC0-301F-11D3-BF4B-00C04F79EFBC}") = "Bem.Ef.Web", "Bem.Ef.Web\Bem.Ef.Web.csproj", "{A1223418-C35C-4068-870E-CFF870B1F153}"
EndProject
Project("{FAE04EC0-301F-11D3-BF4B-00C04F79EFBC}") = "Bem.Ef.Data.Ef", "Bem.Ef.Data.Ef\Bem.Ef.Data.Ef.csproj", "{50839869-70B2-42AA-A9D8-D713729A3254}"
EndProject
Project("{FAE04EC0-301F-11D3-BF4B-00C04F79EFBC}") = "Bem.Ef.Models", "Bem.Ef.Models\Bem.Ef.Models.csproj", "{4B2912B0-A7CD-4300-8CF3-E18735BDBAC7}"
EndProject
Project("{FAE04EC0-301F-11D3-BF4B-00C04F79EFBC}") = "Bem.Ef.EfLayer", "Bem.Ef.EfLayer\Bem.Ef.EfLayer.csproj", "{774C503A-1467-4D7B-8DD5-1C74744F9967}"
EndProject
Global
	GlobalSection(SolutionConfigurationPlatforms) = preSolution
		Debug|Any CPU = Debug|Any CPU
		Release|Any CPU = Release|Any CPU
	EndGlobalSection
	GlobalSection(ProjectConfigurationPlatforms) = postSolution
		{939CBEFE-FF3B-4747-B3D6-789631E0D321}.Debug|Any CPU.ActiveCfg = Debug|Any CPU
		{939CBEFE-FF3B-4747-B3D6-789631E0D321}.Debug|Any CPU.Build.0 = Debug|Any CPU
		{939CBEFE-FF3B-4747-B3D6-789631E0D321}.Release|Any CPU.ActiveCfg = Release|Any CPU
		{939CBEFE-FF3B-4747-B3D6-789631E0D321}.Release|Any CPU.Build.0 = Release|Any CPU
		{A1223418-C35C-4068-870E-CFF870B1F153}.Debug|Any CPU.ActiveCfg = Debug|Any CPU
		{A1223418-C35C-4068-870E-CFF870B1F153}.Debug|Any CPU.Build.0 = Debug|Any CPU
		{A1223418-C35C-4068-870E-CFF870B1F153}.Release|Any CPU.ActiveCfg = Release|Any CPU
		{A1223418-C35C-4068-870E-CFF870B1F153}.Release|Any CPU.Build.0 = Release|Any CPU
		{50839869-70B2-42AA-A9D8-D713729A3254}.Debug|Any CPU.ActiveCfg = Debug|Any CPU
		{50839869-70B2-42AA-A9D8-D713729A3254}.Debug|Any CPU.Build.0 = Debug|Any CPU
		{50839869-70B2-42AA-A9D8-D713729A3254}.Release|Any CPU.ActiveCfg = Release|Any CPU
		{50839869-70B2-42AA-A9D8-D713729A3254}.Release|Any CPU.Build.0 = Release|Any CPU
		{4B2912B0-A7CD-4300-8CF3-E18735BDBAC7}.Debug|Any CPU.ActiveCfg = Debug|Any CPU
		{4B2912B0-A7CD-4300-8CF3-E18735BDBAC7}.Debug|Any CPU.Build.0 = Debug|Any CPU
		{4B2912B0-A7CD-4300-8CF3-E18735BDBAC7}.Release|Any CPU.ActiveCfg = Release|Any CPU
		{4B2912B0-A7CD-4300-8CF3-E18735BDBAC7}.Release|Any CPU.Build.0 = Release|Any CPU
		{774C503A-1467-4D7B-8DD5-1C74744F9967}.Debug|Any CPU.ActiveCfg = Debug|Any CPU
		{774C503A-1467-4D7B-8DD5-1C74744F9967}.Debug|Any CPU.Build.0 = Debug|Any CPU
		{774C503A-1467-4D7B-8DD5-1C74744F9967}.Release|Any CPU.ActiveCfg = Release|Any CPU
		{774C503A-1467-4D7B-8DD5-1C74744F9967}.Release|Any CPU.Build.0 = Release|Any CPU
	EndGlobalSection
	GlobalSection(SolutionProperties) = preSolution
		HideSolutionNode = FALSE
	EndGlobalSection
EndGlobal
